
Microsoft Visual Studio Solution File, Format Version 12.00
# Visual Studio Version 16
VisualStudioVersion = 16.0.32630.194
MinimumVisualStudioVersion = 10.0.40219.1
Project("{FAE04EC0-301F-11D3-BF4B-00C04F79EFBC}") = "AplicacaoWeb", "AplicacaoWeb.csproj", "{4FEE746B-1E0F-4978-87B5-DFBF1EF7A2B9}"
EndProject
Global
	GlobalSection(SolutionConfigurationPlatforms) = preSolution
		Debug|Any CPU = Debug|Any CPU
		Release|Any CPU = Release|Any CPU
	EndGlobalSection
	GlobalSection(ProjectConfigurationPlatforms) = postSolution
		{4FEE746B-1E0F-4978-87B5-DFBF1EF7A2B9}.Debug|Any CPU.ActiveCfg = Debug|Any CPU
		{4FEE746B-1E0F-4978-87B5-DFBF1EF7A2B9}.Debug|Any CPU.Build.0 = Debug|Any CPU
		{4FEE746B-1E0F-4978-87B5-DFBF1EF7A2B9}.Release|Any CPU.ActiveCfg = Release|Any CPU
		{4FEE746B-1E0F-4978-87B5-DFBF1EF7A2B9}.Release|Any CPU.Build.0 = Release|Any CPU
	EndGlobalSection
	GlobalSection(SolutionProperties) = preSolution
		HideSolutionNode = FALSE
	EndGlobalSection
	GlobalSection(ExtensibilityGlobals) = postSolution
		SolutionGuid = {DD206CA8-E28D-4F05-8E17-E599D4E26A96}
	EndGlobalSection
EndGlobal
